# THIS IS AN AUTOGENERATED FILE. DO NOT EDIT THIS FILE DIRECTLY.
# yarn lockfile v1


kiwi-schema@^0.4.6:
  version "0.4.7"
  resolved "https://registry.yarnpkg.com/kiwi-schema/-/kiwi-schema-0.4.7.tgz#1f326121010ebc40320cdf5320e832a59be942ee"
  integrity sha512-IpxBAobeEea4gQDHQD0wUA6IzhMM2sVZ82oeOrXZzVfGHiqGPSayGOVvaHotai4NsYUTUbryVsHsQnKa4cfPNg==
